// !$*UTF8*$!
{
	archiveVersion = 1;
	classes = {
	};
	objectVersion = 46;
	objects = {

/* Begin PBXBuildFile section */
		C9AD8BFA1E7DCD6700AAD04D /* AppDelegate.swift in Sources */ = {isa = PBXBuildFile; fileRef = C9AD8BF91E7DCD6700AAD04D /* AppDelegate.swift */; };
		C9AD8BFC1E7DCD6700AAD04D /* ViewController.swift in Sources */ = {isa = PBXBuildFile; fileRef = C9AD8BFB1E7DCD6700AAD04D /* ViewController.swift */; };
		C9AD8BFE1E7DCD6700AAD04D /* Assets.xcassets in Resources */ = {isa = PBXBuildFile; fileRef = C9AD8BFD1E7DCD6700AAD04D /* Assets.xcassets */; };
		C9AD8C011E7DCD6700AAD04D /* Main.storyboard in Resources */ = {isa = PBXBuildFile; fileRef = C9AD8BFF1E7DCD6700AAD04D /* Main.storyboard */; };
/* End PBXBuildFile section */

/* Begin PBXFileReference section */
		C9AD8BF61E7DCD6700AAD04D /* Link It.app */ = {isa = PBXFileReference; explicitFileType = wrapper.application; includeInIndex = 0; path = "Link It.app"; sourceTree = BUILT_PRODUCTS_DIR; };
		C9AD8BF91E7DCD6700AAD04D /* AppDelegate.swift */ = {isa = PBXFileReference; lastKnownFileType = sourcecode.swift; path = AppDelegate.swift; sourceTree = "<group>"; };
		C9AD8BFB1E7DCD6700AAD04D /* ViewController.swift */ = {isa = PBXFileReference; lastKnownFileType = sourcecode.swift; path = ViewController.swift; sourceTree = "<group>"; };
		C9AD8BFD1E7DCD6700AAD04D /* Assets.xcassets */ = {isa = PBXFileReference; lastKnownFileType = folder.assetcatalog; path = Assets.xcassets; sourceTree = "<group>"; };
		C9AD8C001E7DCD6700AAD04D /* Base */ = {isa = PBXFileReference; lastKnownFileType = file.storyboard; name = Base; path = Base.lproj/Main.storyboard; sourceTree = "<group>"; };
		C9AD8C021E7DCD6700AAD04D /* Info.plist */ = {isa = PBXFileReference; lastKnownFileType = text.plist.xml; path = Info.plist; sourceTree = "<group>"; };
/* End PBXFileReference section */

/* Begin PBXFrameworksBuildPhase section */
		C9AD8BF31E7DCD6700AAD04D /* Frameworks */ = {
			isa = PBXFrameworksBuildPhase;
			buildActionMask = 2147483647;
			files = (
			);
			runOnlyForDeploymentPostprocessing = 0;
		};
/* End PBXFrameworksBuildPhase section */

/* Begin PBXGroup section */
		C9AD8BED1E7DCD6700AAD04D = {
			isa = PBXGroup;
			children = (
				C9AD8BF81E7DCD6700AAD04D /* Link It */,
				C9AD8BF71E7DCD6700AAD04D /* Products */,
			);
			sourceTree = "<group>";
		};
		C9AD8BF71E7DCD6700AAD04D /* Products */ = {
			isa = PBXGroup;
			children = (
				C9AD8BF61E7DCD6700AAD04D /* Link It.app */,
			);
			name = Products;
			sourceTree = "<group>";
		};
		C9AD8BF81E7DCD6700AAD04D /* Link It */ = {
			isa = PBXGroup;
			children = (
				C9AD8BF91E7DCD6700AAD04D /* AppDelegate.swift */,
				C9AD8BFB1E7DCD6700AAD04D /* ViewController.swift */,
				C9AD8BFD1E7DCD6700AAD04D /* Assets.xcassets */,
				C9AD8BFF1E7DCD6700AAD04D /* Main.storyboard */,
				C9AD8C021E7DCD6700AAD04D /* Info.plist */,
			);
			path = "Link It";
			sourceTree = "<group>";
		};
/* End PBXGroup section */

/* Begin PBXNativeTarget section */
		C9AD8BF51E7DCD6700AAD04D /* Link It */ = {
			isa = PBXNativeTarget;
			buildConfigurationList = C9AD8C051E7DCD6700AAD04D /* Build configuration list for PBXNativeTarget "Link It" */;
			buildPhases = (
				C9AD8BF21E7DCD6700AAD04D /* Sources */,
				C9AD8BF31E7DCD6700AAD04D /* Frameworks */,
				C9AD8BF41E7DCD6700AAD04D /* Resources */,
			);
			buildRules = (
			);
			dependencies = (
			);
			name = "Link It";
			productName = "Link It";
			productReference = C9AD8BF61E7DCD6700AAD04D /* Link It.app */;
			productType = "com.apple.product-type.application";
		};
/* End PBXNativeTarget section */

/* Begin PBXProject section */
		C9AD8BEE1E7DCD6700AAD04D /* Project object */ = {
			isa = PBXProject;
			attributes = {
				LastSwiftUpdateCheck = 0820;
				LastUpgradeCheck = 0820;
				ORGANIZATIONNAME = "Mitch Guzman";
				TargetAttributes = {
					C9AD8BF51E7DCD6700AAD04D = {
						CreatedOnToolsVersion = 8.2;
						DevelopmentTeam = TCXW9323N3;
						ProvisioningStyle = Automatic;
					};
				};
			};
			buildConfigurationList = C9AD8BF11E7DCD6700AAD04D /* Build configuration list for PBXProject "Link It" */;
			compatibilityVersion = "Xcode 3.2";
			developmentRegion = English;
			hasScannedForEncodings = 0;
			knownRegions = (
				en,
				Base,
			);
			mainGroup = C9AD8BED1E7DCD6700AAD04D;
			productRefGroup = C9AD8BF71E7DCD6700AAD04D /* Products */;
			projectDirPath = "";
			projectRoot = "";
			targets = (
				C9AD8BF51E7DCD6700AAD04D /* Link It */,
			);
		};
/* End PBXProject section */

/* Begin PBXResourcesBuildPhase section */
		C9AD8BF41E7DCD6700AAD04D /* Resources */ = {
			isa = PBXResourcesBuildPhase;
			buildActionMask = 2147483647;
			files = (
				C9AD8BFE1E7DCD6700AAD04D /* Assets.xcassets in Resources */,
				C9AD8C011E7DCD6700AAD04D /* Main.storyboard in Resources */,
			);
			runOnlyForDeploymentPostprocessing = 0;
		};
/* End PBXResourcesBuildPhase section */

/* Begin PBXSourcesBuildPhase section */
		C9AD8BF21E7DCD6700AAD04D /* Sources */ = {
			isa = PBXSourcesBuildPhase;
			buildActionMask = 2147483647;
			files = (
				C9AD8BFC1E7DCD6700AAD04D /* ViewController.swift in Sources */,
				C9AD8BFA1E7DCD6700AAD04D /* AppDelegate.swift in Sources */,
			);
			runOnlyForDeploymentPostprocessing = 0;
		};
/* End PBXSourcesBuildPhase section */

/* Begin PBXVariantGroup section */
		C9AD8BFF1E7DCD6700AAD04D /* Main.storyboard */ = {
			isa = PBXVariantGroup;
			children = (
				C9AD8C001E7DCD6700AAD04D /* Base */,
			);
			name = Main.storyboard;
			sourceTree = "<group>";
		};
/* End PBXVariantGroup section */

/* Begin XCBuildConfiguration section */
		C9AD8C031E7DCD6700AAD04D /* Debug */ = {
			isa = XCBuildConfiguration;
			buildSettings = {
				ALWAYS_SEARCH_USER_PATHS = NO;
				CLANG_ANALYZER_NONNULL = YES;
				CLANG_CXX_LANGUAGE_STANDARD = "gnu++0x";
				CLANG_CXX_LIBRARY = "libc++";
				CLANG_ENABLE_MODULES = YES;
				CLANG_ENABLE_OBJC_ARC = YES;
				CLANG_WARN_BOOL_CONVERSION = YES;
				CLANG_WARN_CONSTANT_CONVERSION = YES;
				CLANG_WARN_DIRECT_OBJC_ISA_USAGE = YES_ERROR;
				CLANG_WARN_DOCUMENTATION_COMMENTS = YES;
				CLANG_WARN_EMPTY_BODY = YES;
				CLANG_WARN_ENUM_CONVERSION = YES;
				CLANG_WARN_INFINITE_RECURSION = YES;
				CLANG_WARN_INT_CONVERSION = YES;
				CLANG_WARN_OBJC_ROOT_CLASS = YES_ERROR;
				CLANG_WARN_SUSPICIOUS_MOVE = YES;
				CLANG_WARN_UNREACHABLE_CODE = YES;
				CLANG_WARN__DUPLICATE_METHOD_MATCH = YES;
				CODE_SIGN_IDENTITY = "-";
				COPY_PHASE_STRIP = NO;
				DEBUG_INFORMATION_FORMAT = dwarf;
				ENABLE_STRICT_OBJC_MSGSEND = YES;
				ENABLE_TESTABILITY = YES;
				GCC_C_LANGUAGE_STANDARD = gnu99;
				GCC_DYNAMIC_NO_PIC = NO;
				GCC_NO_COMMON_BLOCKS = YES;
				GCC_OPTIMIZATION_LEVEL = 0;
				GCC_PREPROCESSOR_DEFINITIONS = (
					"DEBUG=1",
					"$(inherited)",
				);
				GCC_WARN_64_TO_32_BIT_CONVERSION = YES;
				GCC_WARN_ABOUT_RETURN_TYPE = YES_ERROR;
				GCC_WARN_UNDECLARED_SELECTOR = YES;
				GCC_WARN_UNINITIALIZED_AUTOS = YES_AGGRESSIVE;
				GCC_WARN_UNUSED_FUNCTION = YES;
				GCC_WARN_UNUSED_VARIABLE = YES;
				MACOSX_DEPLOYMENT_TARGET = 10.12;
				MTL_ENABLE_DEBUG_INFO = YES;
				ONLY_ACTIVE_ARCH = YES;
				SDKROOT = macosx;
				SWIFT_ACTIVE_COMPILATION_CONDITIONS = DEBUG;
				SWIFT_OPTIMIZATION_LEVEL = "-Onone";
			};
			name = Debug;
		};
		C9AD8C041E7DCD6700AAD04D /* Release */ = {
			isa = XCBuildConfiguration;
			buildSettings = {
				ALWAYS_SEARCH_USER_PATHS = NO;
				CLANG_ANALYZER_NONNULL = YES;
				CLANG_CXX_LANGUAGE_STANDARD = "gnu++0x";
				CLANG_CXX_LIBRARY = "libc++";
				CLANG_ENABLE_MODULES = YES;
				CLANG_ENABLE_OBJC_ARC = YES;
				CLANG_WARN_BOOL_CONVERSION = YES;
				CLANG_WARN_CONSTANT_CONVERSION = YES;
				CLANG_WARN_DIRECT_OBJC_ISA_USAGE = YES_ERROR;
				CLANG_WARN_DOCUMENTATION_COMMENTS = YES;
				CLANG_WARN_EMPTY_BODY = YES;
				CLANG_WARN_ENUM_CONVERSION = YES;
				CLANG_WARN_INFINITE_RECURSION = YES;
				CLANG_WARN_INT_CONVERSION = YES;
				CLANG_WARN_OBJC_ROOT_CLASS = YES_ERROR;
				CLANG_WARN_SUSPICIOUS_MOVE = YES;
				CLANG_WARN_UNREACHABLE_CODE = YES;
				CLANG_WARN__DUPLICATE_METHOD_MATCH = YES;
				CODE_SIGN_IDENTITY = "-";
				COPY_PHASE_STRIP = NO;
				DEBUG_INFORMATION_FORMAT = "dwarf-with-dsym";
				ENABLE_NS_ASSERTIONS = NO;
				ENABLE_STRICT_OBJC_MSGSEND = YES;
				GCC_C_LANGUAGE_STANDARD = gnu99;
				GCC_NO_COMMON_BLOCKS = YES;
				GCC_WARN_64_TO_32_BIT_CONVERSION = YES;
				GCC_WARN_ABOUT_RETURN_TYPE = YES_ERROR;
				GCC_WARN_UNDECLARED_SELECTOR = YES;
				GCC_WARN_UNINITIALIZED_AUTOS = YES_AGGRESSIVE;
				GCC_WARN_UNUSED_FUNCTION = YES;
				GCC_WARN_UNUSED_VARIABLE = YES;
				MACOSX_DEPLOYMENT_TARGET = 10.12;
				MTL_ENABLE_DEBUG_INFO = NO;
				SDKROOT = macosx;
				SWIFT_OPTIMIZATION_LEVEL = "-Owholemodule";
			};
			name = Release;
		};
		C9AD8C061E7DCD6700AAD04D /* Debug */ = {
			isa = XCBuildConfiguration;
			buildSettings = {
				ASSETCATALOG_COMPILER_APPICON_NAME = AppIcon;
				COMBINE_HIDPI_IMAGES = YES;
				DEVELOPMENT_TEAM = TCXW9323N3;
				INFOPLIST_FILE = "Link It/Info.plist";
				LD_RUNPATH_SEARCH_PATHS = "$(inherited) @executable_path/../Frameworks";
				PRODUCT_BUNDLE_IDENTIFIER = "mgwiggle-apps.Link-It";
				PRODUCT_NAME = "$(TARGET_NAME)";
				SWIFT_VERSION = 3.0;
			};
			name = Debug;
		};
		C9AD8C071E7DCD6700AAD04D /* Release */ = {
			isa = XCBuildConfiguration;
			buildSettings = {
				ASSETCATALOG_COMPILER_APPICON_NAME = AppIcon;
				COMBINE_HIDPI_IMAGES = YES;
				DEVELOPMENT_TEAM = TCXW9323N3;
				INFOPLIST_FILE = "Link It/Info.plist";
				LD_RUNPATH_SEARCH_PATHS = "$(inherited) @executable_path/../Frameworks";
				PRODUCT_BUNDLE_IDENTIFIER = "mgwiggle-apps.Link-It";
				PRODUCT_NAME = "$(TARGET_NAME)";
				SWIFT_VERSION = 3.0;
			};
			name = Release;
		};
/* End XCBuildConfiguration section */

/* Begin XCConfigurationList section */
		C9AD8BF11E7DCD6700AAD04D /* Build configuration list for PBXProject "Link It" */ = {
			isa = XCConfigurationList;
			buildConfigurations = (
				C9AD8C031E7DCD6700AAD04D /* Debug */,
				C9AD8C041E7DCD6700AAD04D /* Release */,
			);
			defaultConfigurationIsVisible = 0;
			defaultConfigurationName = Release;
		};
		C9AD8C051E7DCD6700AAD04D /* Build configuration list for PBXNativeTarget "Link It" */ = {
			isa = XCConfigurationList;
			buildConfigurations = (
				C9AD8C061E7DCD6700AAD04D /* Debug */,
				C9AD8C071E7DCD6700AAD04D /* Release */,
			);
			defaultConfigurationIsVisible = 0;
		};
/* End XCConfigurationList section */
	};
	rootObject = C9AD8BEE1E7DCD6700AAD04D /* Project object */;
}
